
Microsoft Visual Studio Solution File, Format Version 12.00
# Visual Studio 15
VisualStudioVersion = 15.0.28010.2026
MinimumVisualStudioVersion = 10.0.40219.1
Project("{9A19103F-16F7-4668-BE54-9A1E7A4F7556}") = "programmeren_5", "programmeren-5\programmeren_5.csproj", "{04648A46-2C94-45DA-9E48-1FC3D6E2A302}"
EndProject
Project("{FAE04EC0-301F-11D3-BF4B-00C04F79EFBC}") = "Awen", "Awen\Awen.csproj", "{2A852ABF-F09E-4D05-9673-A8C57E42A519}"
EndProject
Global
	GlobalSection(SolutionConfigurationPlatforms) = preSolution
		Debug|Any CPU = Debug|Any CPU
		Release|Any CPU = Release|Any CPU
	EndGlobalSection
	GlobalSection(ProjectConfigurationPlatforms) = postSolution
		{04648A46-2C94-45DA-9E48-1FC3D6E2A302}.Debug|Any CPU.ActiveCfg = Debug|Any CPU
		{04648A46-2C94-45DA-9E48-1FC3D6E2A302}.Debug|Any CPU.Build.0 = Debug|Any CPU
		{04648A46-2C94-45DA-9E48-1FC3D6E2A302}.Release|Any CPU.ActiveCfg = Release|Any CPU
		{04648A46-2C94-45DA-9E48-1FC3D6E2A302}.Release|Any CPU.Build.0 = Release|Any CPU
		{2A852ABF-F09E-4D05-9673-A8C57E42A519}.Debug|Any CPU.ActiveCfg = Debug|Any CPU
		{2A852ABF-F09E-4D05-9673-A8C57E42A519}.Debug|Any CPU.Build.0 = Debug|Any CPU
		{2A852ABF-F09E-4D05-9673-A8C57E42A519}.Release|Any CPU.ActiveCfg = Release|Any CPU
		{2A852ABF-F09E-4D05-9673-A8C57E42A519}.Release|Any CPU.Build.0 = Release|Any CPU
	EndGlobalSection
	GlobalSection(SolutionProperties) = preSolution
		HideSolutionNode = FALSE
	EndGlobalSection
	GlobalSection(ExtensibilityGlobals) = postSolution
		SolutionGuid = {F9C2F5E8-F310-4B1C-B1D5-595308F07DB2}
	EndGlobalSection
EndGlobal
